github.com/confluentinc/confluent-kafka-go/v2 v2.5.0 h1:PM18lA9g6u6Qcz06DpXmGRlxXTvWlHqnlAkQi1chPUo=
github.com/confluentinc/confluent-kafka-go/v2 v2.5.0/go.mod h1:Hyo+IIQ/tmsfkOcRP8T6VlSeOW3T33v0Me8Xvq4u90Y=
github.com/lib/pq v1.10.9 h1:YXG7RB+JIjhP29X+OtkiDnYaXQwpS4JEWq7dtCCRUEw=
github.com/lib/pq v1.10.9/go.mod h1:AlVN5x4E4T544tWzH6hKfbfQvm3HdbOxrmggDNAPY9o=
